
Microsoft Visual Studio Solution File, Format Version 12.00
# Visual Studio Version 17
VisualStudioVersion = 17.12.35527.113
MinimumVisualStudioVersion = 10.0.40219.1
Project("{2150E333-8FDC-42A3-9474-1A3956D46DE8}") = "Src", "Src", "{7D67B97E-B261-4435-89B2-D72350D3303F}"
EndProject
Project("{2150E333-8FDC-42A3-9474-1A3956D46DE8}") = "Tests", "Tests", "{DD100E68-AB18-4702-9AE8-68C8D0045CF7}"
EndProject
Project("{2150E333-8FDC-42A3-9474-1A3956D46DE8}") = "Dockers", "Dockers", "{2ACC1D7F-04E6-4535-958E-90AF1A933D53}"
EndProject
Project("{2150E333-8FDC-42A3-9474-1A3956D46DE8}") = "GateWay", "GateWay", "{35979519-B2FC-4904-8590-1D7468D350D9}"
EndProject
Project("{2150E333-8FDC-42A3-9474-1A3956D46DE8}") = "Services", "Services", "{6F68E272-BD05-49D0-A059-05C827A1E825}"
EndProject
Project("{2150E333-8FDC-42A3-9474-1A3956D46DE8}") = "Shared", "Shared", "{44922339-1CFD-4572-987A-27191D61519C}"
EndProject
Project("{FAE04EC0-301F-11D3-BF4B-00C04F79EFBC}") = "DayNex.Gateway", "src\Gateway\DayNex.Gateway\DayNex.Gateway\DayNex.Gateway.csproj", "{6538441D-D4F6-461D-BB96-C5A56C424058}"
EndProject
Project("{FAE04EC0-301F-11D3-BF4B-00C04F79EFBC}") = "DayNex.Contracts", "src\Shared\DayNex.Contracts\DayNex.Contracts.csproj", "{70585E84-71DE-44A3-B32E-D734D35BBFDF}"
EndProject
Project("{FAE04EC0-301F-11D3-BF4B-00C04F79EFBC}") = "DayNex.Domain", "src\Shared\DayNex.Domain\DayNex.Domain.csproj", "{B4131B14-D43D-4655-A230-F78B30EAC067}"
EndProject
Project("{2150E333-8FDC-42A3-9474-1A3956D46DE8}") = "DayNex.HolidayService", "DayNex.HolidayService", "{F6468A1B-668B-43C6-9D8F-DDF343001F5A}"
EndProject
Project("{FAE04EC0-301F-11D3-BF4B-00C04F79EFBC}") = "DayNex.HolidayService.Domain", "src\Services\DayNex.HolidayService\DayNex.HolidayService.Domain\DayNex.HolidayService.Domain.csproj", "{B968D2B6-5047-4AA7-A8F9-147DD2519246}"
EndProject
Project("{FAE04EC0-301F-11D3-BF4B-00C04F79EFBC}") = "DayNex.HolidayService.Application", "src\Services\DayNex.HolidayService\DayNex.HolidayService.Application\DayNex.HolidayService.Application.csproj", "{0D6F290A-067F-43B4-9931-94E7D5D9BF5D}"
EndProject
Project("{FAE04EC0-301F-11D3-BF4B-00C04F79EFBC}") = "DayNex.HolidayService.Infrastructure", "src\Services\DayNex.HolidayService\DayNex.HolidayService.Infrastructure\DayNex.HolidayService.Infrastructure.csproj", "{6478F00C-6928-4292-9A93-634B2FB51211}"
EndProject
Project("{FAE04EC0-301F-11D3-BF4B-00C04F79EFBC}") = "DayNex.HolidayService.API", "src\Services\DayNex.HolidayService\DayNex.HolidayService.API\DayNex.HolidayService.API.csproj", "{F6E2C68E-3F0F-42A1-A2F4-F434E4A20F1D}"
EndProject
Project("{FAE04EC0-301F-11D3-BF4B-00C04F79EFBC}") = "DayNex.Shared.Http", "DayNex.Shared.Http\DayNex.Shared.Http.csproj", "{E633B6A6-C29A-43A6-BD0D-93B59022F925}"
EndProject
Project("{2150E333-8FDC-42A3-9474-1A3956D46DE8}") = "DayNex.CompanyProfileService", "DayNex.CompanyProfileService", "{DA1B42BF-70D7-414E-8313-3E48D9DE4A67}"
EndProject
Project("{2150E333-8FDC-42A3-9474-1A3956D46DE8}") = "Solution Items", "Solution Items", "{37114BC2-F05B-41AF-A0DB-FDA29BE9153F}"
	ProjectSection(SolutionItems) = preProject
		Directory.Packages.props = Directory.Packages.props
	EndProjectSection
EndProject
Global
	GlobalSection(SolutionConfigurationPlatforms) = preSolution
		Debug|Any CPU = Debug|Any CPU
		Release|Any CPU = Release|Any CPU
	EndGlobalSection
	GlobalSection(ProjectConfigurationPlatforms) = postSolution
		{6538441D-D4F6-461D-BB96-C5A56C424058}.Debug|Any CPU.ActiveCfg = Debug|Any CPU
		{6538441D-D4F6-461D-BB96-C5A56C424058}.Debug|Any CPU.Build.0 = Debug|Any CPU
		{6538441D-D4F6-461D-BB96-C5A56C424058}.Release|Any CPU.ActiveCfg = Release|Any CPU
		{6538441D-D4F6-461D-BB96-C5A56C424058}.Release|Any CPU.Build.0 = Release|Any CPU
		{70585E84-71DE-44A3-B32E-D734D35BBFDF}.Debug|Any CPU.ActiveCfg = Debug|Any CPU
		{70585E84-71DE-44A3-B32E-D734D35BBFDF}.Debug|Any CPU.Build.0 = Debug|Any CPU
		{70585E84-71DE-44A3-B32E-D734D35BBFDF}.Release|Any CPU.ActiveCfg = Release|Any CPU
		{70585E84-71DE-44A3-B32E-D734D35BBFDF}.Release|Any CPU.Build.0 = Release|Any CPU
		{B4131B14-D43D-4655-A230-F78B30EAC067}.Debug|Any CPU.ActiveCfg = Debug|Any CPU
		{B4131B14-D43D-4655-A230-F78B30EAC067}.Debug|Any CPU.Build.0 = Debug|Any CPU
		{B4131B14-D43D-4655-A230-F78B30EAC067}.Release|Any CPU.ActiveCfg = Release|Any CPU
		{B4131B14-D43D-4655-A230-F78B30EAC067}.Release|Any CPU.Build.0 = Release|Any CPU
		{B968D2B6-5047-4AA7-A8F9-147DD2519246}.Debug|Any CPU.ActiveCfg = Debug|Any CPU
		{B968D2B6-5047-4AA7-A8F9-147DD2519246}.Debug|Any CPU.Build.0 = Debug|Any CPU
		{B968D2B6-5047-4AA7-A8F9-147DD2519246}.Release|Any CPU.ActiveCfg = Release|Any CPU
		{B968D2B6-5047-4AA7-A8F9-147DD2519246}.Release|Any CPU.Build.0 = Release|Any CPU
		{0D6F290A-067F-43B4-9931-94E7D5D9BF5D}.Debug|Any CPU.ActiveCfg = Debug|Any CPU
		{0D6F290A-067F-43B4-9931-94E7D5D9BF5D}.Debug|Any CPU.Build.0 = Debug|Any CPU
		{0D6F290A-067F-43B4-9931-94E7D5D9BF5D}.Release|Any CPU.ActiveCfg = Release|Any CPU
		{0D6F290A-067F-43B4-9931-94E7D5D9BF5D}.Release|Any CPU.Build.0 = Release|Any CPU
		{6478F00C-6928-4292-9A93-634B2FB51211}.Debug|Any CPU.ActiveCfg = Debug|Any CPU
		{6478F00C-6928-4292-9A93-634B2FB51211}.Debug|Any CPU.Build.0 = Debug|Any CPU
		{6478F00C-6928-4292-9A93-634B2FB51211}.Release|Any CPU.ActiveCfg = Release|Any CPU
		{6478F00C-6928-4292-9A93-634B2FB51211}.Release|Any CPU.Build.0 = Release|Any CPU
		{F6E2C68E-3F0F-42A1-A2F4-F434E4A20F1D}.Debug|Any CPU.ActiveCfg = Debug|Any CPU
		{F6E2C68E-3F0F-42A1-A2F4-F434E4A20F1D}.Debug|Any CPU.Build.0 = Debug|Any CPU
		{F6E2C68E-3F0F-42A1-A2F4-F434E4A20F1D}.Release|Any CPU.ActiveCfg = Release|Any CPU
		{F6E2C68E-3F0F-42A1-A2F4-F434E4A20F1D}.Release|Any CPU.Build.0 = Release|Any CPU
		{E633B6A6-C29A-43A6-BD0D-93B59022F925}.Debug|Any CPU.ActiveCfg = Debug|Any CPU
		{E633B6A6-C29A-43A6-BD0D-93B59022F925}.Debug|Any CPU.Build.0 = Debug|Any CPU
		{E633B6A6-C29A-43A6-BD0D-93B59022F925}.Release|Any CPU.ActiveCfg = Release|Any CPU
		{E633B6A6-C29A-43A6-BD0D-93B59022F925}.Release|Any CPU.Build.0 = Release|Any CPU
	EndGlobalSection
	GlobalSection(SolutionProperties) = preSolution
		HideSolutionNode = FALSE
	EndGlobalSection
	GlobalSection(NestedProjects) = preSolution
		{35979519-B2FC-4904-8590-1D7468D350D9} = {7D67B97E-B261-4435-89B2-D72350D3303F}
		{6F68E272-BD05-49D0-A059-05C827A1E825} = {7D67B97E-B261-4435-89B2-D72350D3303F}
		{44922339-1CFD-4572-987A-27191D61519C} = {7D67B97E-B261-4435-89B2-D72350D3303F}
		{6538441D-D4F6-461D-BB96-C5A56C424058} = {35979519-B2FC-4904-8590-1D7468D350D9}
		{70585E84-71DE-44A3-B32E-D734D35BBFDF} = {44922339-1CFD-4572-987A-27191D61519C}
		{B4131B14-D43D-4655-A230-F78B30EAC067} = {44922339-1CFD-4572-987A-27191D61519C}
		{F6468A1B-668B-43C6-9D8F-DDF343001F5A} = {6F68E272-BD05-49D0-A059-05C827A1E825}
		{B968D2B6-5047-4AA7-A8F9-147DD2519246} = {F6468A1B-668B-43C6-9D8F-DDF343001F5A}
		{0D6F290A-067F-43B4-9931-94E7D5D9BF5D} = {F6468A1B-668B-43C6-9D8F-DDF343001F5A}
		{6478F00C-6928-4292-9A93-634B2FB51211} = {F6468A1B-668B-43C6-9D8F-DDF343001F5A}
		{F6E2C68E-3F0F-42A1-A2F4-F434E4A20F1D} = {F6468A1B-668B-43C6-9D8F-DDF343001F5A}
		{E633B6A6-C29A-43A6-BD0D-93B59022F925} = {44922339-1CFD-4572-987A-27191D61519C}
		{DA1B42BF-70D7-414E-8313-3E48D9DE4A67} = {6F68E272-BD05-49D0-A059-05C827A1E825}
	EndGlobalSection
EndGlobal
